
Microsoft Visual Studio Solution File, Format Version 12.00
# Visual Studio Version 17
VisualStudioVersion = 17.3.32611.2
MinimumVisualStudioVersion = 10.0.40219.1
Project("{9A19103F-16F7-4668-BE54-9A1E7A4F7556}") = "Metrics.TimerFunction", "Metrics.TimerFunction\Metrics.TimerFunction.csproj", "{13251EAB-8E52-4A1B-8715-0351E444225D}"
EndProject
Project("{9A19103F-16F7-4668-BE54-9A1E7A4F7556}") = "Metrics.Core", "Metrics.Core\Metrics.Core.csproj", "{CFB4BAD6-3E0A-45AF-B0DB-32716BFC0B6D}"
EndProject
Project("{E53339B2-1760-4266-BCC7-CA923CBCF16C}") = "docker-compose", "docker-compose.dcproj", "{1F66F682-3C37-4D55-9A05-D0E264F178D0}"
EndProject
Project("{9A19103F-16F7-4668-BE54-9A1E7A4F7556}") = "Metrics.Pulumi", "Metrics.Pulumi\Metrics.Pulumi.csproj", "{1319AFBB-3958-4A9D-B223-21198592C48C}"
EndProject
Project("{2150E333-8FDC-42A3-9474-1A3956D46DE8}") = "Solution Items", "Solution Items", "{859CB5E0-4AE7-4C03-9744-BDE6CAA6FC36}"
	ProjectSection(SolutionItems) = preProject
		README.md = README.md
	EndProjectSection
EndProject
Project("{9A19103F-16F7-4668-BE54-9A1E7A4F7556}") = "Metrics.Static", "Metrics.Static\Metrics.Static.csproj", "{5000D379-24E8-44E3-8F1B-552790C9EDD5}"
EndProject
Project("{9A19103F-16F7-4668-BE54-9A1E7A4F7556}") = "Metrics.Function", "Metrics.Function\Metrics.Function.csproj", "{6ADB13DE-2D5F-456B-814C-161745B22CA4}"
EndProject
Project("{9A19103F-16F7-4668-BE54-9A1E7A4F7556}") = "Metrics.StaticFunction", "Metrics.StaticFunction\Metrics.StaticFunction.csproj", "{AA2E053C-80F4-43B5-96FD-5CA094ECC364}"
EndProject
Project("{9A19103F-16F7-4668-BE54-9A1E7A4F7556}") = "Metrics.Console", "Metrics.Console\Metrics.Console.csproj", "{8B75223F-9731-434A-AF9B-EA580B1F4682}"
EndProject
Project("{FAE04EC0-301F-11D3-BF4B-00C04F79EFBC}") = "Metrics.Benchmark", "Metrics.Benchmark\Metrics.Benchmark.csproj", "{6EA4CE4C-1ACC-4ADC-8E17-A4342B9AB987}"
EndProject
Project("{9A19103F-16F7-4668-BE54-9A1E7A4F7556}") = "Metrics.Core.MVC", "Metrics.Core.MVC\Metrics.Core.MVC.csproj", "{EB11ECC2-66AF-43D0-8079-7DC7BE104083}"
EndProject
Project("{2150E333-8FDC-42A3-9474-1A3956D46DE8}") = "UnitTests", "UnitTests", "{8ACB7BC9-F8D3-47B8-ACD4-4149087A67ED}"
EndProject
Project("{9A19103F-16F7-4668-BE54-9A1E7A4F7556}") = "Metrics.Core.Tests", "Metrics.Core.Tests\Metrics.Core.Tests.csproj", "{76E84843-6CF4-4427-A4EF-6968F04516DE}"
EndProject
Global
	GlobalSection(SolutionConfigurationPlatforms) = preSolution
		Debug|Any CPU = Debug|Any CPU
		Release|Any CPU = Release|Any CPU
	EndGlobalSection
	GlobalSection(ProjectConfigurationPlatforms) = postSolution
		{13251EAB-8E52-4A1B-8715-0351E444225D}.Debug|Any CPU.ActiveCfg = Debug|Any CPU
		{13251EAB-8E52-4A1B-8715-0351E444225D}.Debug|Any CPU.Build.0 = Debug|Any CPU
		{13251EAB-8E52-4A1B-8715-0351E444225D}.Release|Any CPU.ActiveCfg = Release|Any CPU
		{13251EAB-8E52-4A1B-8715-0351E444225D}.Release|Any CPU.Build.0 = Release|Any CPU
		{CFB4BAD6-3E0A-45AF-B0DB-32716BFC0B6D}.Debug|Any CPU.ActiveCfg = Debug|Any CPU
		{CFB4BAD6-3E0A-45AF-B0DB-32716BFC0B6D}.Debug|Any CPU.Build.0 = Debug|Any CPU
		{CFB4BAD6-3E0A-45AF-B0DB-32716BFC0B6D}.Release|Any CPU.ActiveCfg = Release|Any CPU
		{CFB4BAD6-3E0A-45AF-B0DB-32716BFC0B6D}.Release|Any CPU.Build.0 = Release|Any CPU
		{1F66F682-3C37-4D55-9A05-D0E264F178D0}.Debug|Any CPU.ActiveCfg = Debug|Any CPU
		{1F66F682-3C37-4D55-9A05-D0E264F178D0}.Debug|Any CPU.Build.0 = Debug|Any CPU
		{1F66F682-3C37-4D55-9A05-D0E264F178D0}.Release|Any CPU.ActiveCfg = Release|Any CPU
		{1F66F682-3C37-4D55-9A05-D0E264F178D0}.Release|Any CPU.Build.0 = Release|Any CPU
		{1319AFBB-3958-4A9D-B223-21198592C48C}.Debug|Any CPU.ActiveCfg = Debug|Any CPU
		{1319AFBB-3958-4A9D-B223-21198592C48C}.Debug|Any CPU.Build.0 = Debug|Any CPU
		{1319AFBB-3958-4A9D-B223-21198592C48C}.Release|Any CPU.ActiveCfg = Release|Any CPU
		{1319AFBB-3958-4A9D-B223-21198592C48C}.Release|Any CPU.Build.0 = Release|Any CPU
		{5000D379-24E8-44E3-8F1B-552790C9EDD5}.Debug|Any CPU.ActiveCfg = Debug|Any CPU
		{5000D379-24E8-44E3-8F1B-552790C9EDD5}.Debug|Any CPU.Build.0 = Debug|Any CPU
		{5000D379-24E8-44E3-8F1B-552790C9EDD5}.Release|Any CPU.ActiveCfg = Release|Any CPU
		{5000D379-24E8-44E3-8F1B-552790C9EDD5}.Release|Any CPU.Build.0 = Release|Any CPU
		{6ADB13DE-2D5F-456B-814C-161745B22CA4}.Debug|Any CPU.ActiveCfg = Debug|Any CPU
		{6ADB13DE-2D5F-456B-814C-161745B22CA4}.Debug|Any CPU.Build.0 = Debug|Any CPU
		{6ADB13DE-2D5F-456B-814C-161745B22CA4}.Release|Any CPU.ActiveCfg = Release|Any CPU
		{6ADB13DE-2D5F-456B-814C-161745B22CA4}.Release|Any CPU.Build.0 = Release|Any CPU
		{AA2E053C-80F4-43B5-96FD-5CA094ECC364}.Debug|Any CPU.ActiveCfg = Debug|Any CPU
		{AA2E053C-80F4-43B5-96FD-5CA094ECC364}.Debug|Any CPU.Build.0 = Debug|Any CPU
		{AA2E053C-80F4-43B5-96FD-5CA094ECC364}.Release|Any CPU.ActiveCfg = Release|Any CPU
		{AA2E053C-80F4-43B5-96FD-5CA094ECC364}.Release|Any CPU.Build.0 = Release|Any CPU
		{8B75223F-9731-434A-AF9B-EA580B1F4682}.Debug|Any CPU.ActiveCfg = Debug|Any CPU
		{8B75223F-9731-434A-AF9B-EA580B1F4682}.Debug|Any CPU.Build.0 = Debug|Any CPU
		{8B75223F-9731-434A-AF9B-EA580B1F4682}.Release|Any CPU.ActiveCfg = Release|Any CPU
		{8B75223F-9731-434A-AF9B-EA580B1F4682}.Release|Any CPU.Build.0 = Release|Any CPU
		{6EA4CE4C-1ACC-4ADC-8E17-A4342B9AB987}.Debug|Any CPU.ActiveCfg = Debug|Any CPU
		{6EA4CE4C-1ACC-4ADC-8E17-A4342B9AB987}.Debug|Any CPU.Build.0 = Debug|Any CPU
		{6EA4CE4C-1ACC-4ADC-8E17-A4342B9AB987}.Release|Any CPU.ActiveCfg = Release|Any CPU
		{6EA4CE4C-1ACC-4ADC-8E17-A4342B9AB987}.Release|Any CPU.Build.0 = Release|Any CPU
		{EB11ECC2-66AF-43D0-8079-7DC7BE104083}.Debug|Any CPU.ActiveCfg = Debug|Any CPU
		{EB11ECC2-66AF-43D0-8079-7DC7BE104083}.Debug|Any CPU.Build.0 = Debug|Any CPU
		{EB11ECC2-66AF-43D0-8079-7DC7BE104083}.Release|Any CPU.ActiveCfg = Release|Any CPU
		{EB11ECC2-66AF-43D0-8079-7DC7BE104083}.Release|Any CPU.Build.0 = Release|Any CPU
		{76E84843-6CF4-4427-A4EF-6968F04516DE}.Debug|Any CPU.ActiveCfg = Debug|Any CPU
		{76E84843-6CF4-4427-A4EF-6968F04516DE}.Debug|Any CPU.Build.0 = Debug|Any CPU
		{76E84843-6CF4-4427-A4EF-6968F04516DE}.Release|Any CPU.ActiveCfg = Release|Any CPU
		{76E84843-6CF4-4427-A4EF-6968F04516DE}.Release|Any CPU.Build.0 = Release|Any CPU
	EndGlobalSection
	GlobalSection(SolutionProperties) = preSolution
		HideSolutionNode = FALSE
	EndGlobalSection
	GlobalSection(NestedProjects) = preSolution
		{76E84843-6CF4-4427-A4EF-6968F04516DE} = {8ACB7BC9-F8D3-47B8-ACD4-4149087A67ED}
	EndGlobalSection
	GlobalSection(ExtensibilityGlobals) = postSolution
		SolutionGuid = {75DC4A2D-AB9C-4C27-860A-E6006CB22064}
	EndGlobalSection
EndGlobal
