
Microsoft Visual Studio Solution File, Format Version 12.00
# Visual Studio Version 17
VisualStudioVersion = 17.3.32611.2
MinimumVisualStudioVersion = 10.0.40219.1
Project("{9A19103F-16F7-4668-BE54-9A1E7A4F7556}") = "Metrics.TimerFunction", "Metrics.TimerFunction\Metrics.TimerFunction.csproj", "{13251EAB-8E52-4A1B-8715-0351E444225D}"
EndProject
Project("{9A19103F-16F7-4668-BE54-9A1E7A4F7556}") = "Metrics.Core", "Metrics.Core\Metrics.Core.csproj", "{CFB4BAD6-3E0A-45AF-B0DB-32716BFC0B6D}"
EndProject
Project("{E53339B2-1760-4266-BCC7-CA923CBCF16C}") = "docker-compose", "docker-compose.dcproj", "{1F66F682-3C37-4D55-9A05-D0E264F178D0}"
EndProject
Project("{9A19103F-16F7-4668-BE54-9A1E7A4F7556}") = "Metrics.Pulumi", "Metrics.Pulumi\Metrics.Pulumi.csproj", "{1319AFBB-3958-4A9D-B223-21198592C48C}"
EndProject
Project("{2150E333-8FDC-42A3-9474-1A3956D46DE8}") = "Solution Items", "Solution Items", "{859CB5E0-4AE7-4C03-9744-BDE6CAA6FC36}"
	ProjectSection(SolutionItems) = preProject
		.github\workflows\azure-static-web-apps-black-bush-07f129003.yml = .github\workflows\azure-static-web-apps-black-bush-07f129003.yml
		.github\workflows\azure-static-web-apps-lively-flower-0ac84b003.yml = .github\workflows\azure-static-web-apps-lively-flower-0ac84b003.yml
		.github\workflows\azure-static-web-apps-zealous-field-06c15e603.yml = .github\workflows\azure-static-web-apps-zealous-field-06c15e603.yml
		.github\workflows\codeql.yml = .github\workflows\codeql.yml
		.github\workflows\deploy-dev.yml = .github\workflows\deploy-dev.yml
		.github\workflows\deploy-prod.yml = .github\workflows\deploy-prod.yml
		.github\workflows\deploy-test.yml = .github\workflows\deploy-test.yml
		.github\workflows\destroy-dev.yml = .github\workflows\destroy-dev.yml
		.github\workflows\destroy-prod.yml = .github\workflows\destroy-prod.yml
		.github\workflows\destroy-test.yml = .github\workflows\destroy-test.yml
		.github\workflows\pull_request.yml = .github\workflows\pull_request.yml
		README.md = README.md
	EndProjectSection
EndProject
Project("{9A19103F-16F7-4668-BE54-9A1E7A4F7556}") = "Metrics.Static", "Metrics.Static\Metrics.Static.csproj", "{5000D379-24E8-44E3-8F1B-552790C9EDD5}"
EndProject
Project("{9A19103F-16F7-4668-BE54-9A1E7A4F7556}") = "Metrics.Function", "Metrics.Function\Metrics.Function.csproj", "{6ADB13DE-2D5F-456B-814C-161745B22CA4}"
EndProject
Project("{9A19103F-16F7-4668-BE54-9A1E7A4F7556}") = "Metrics.StaticFunction", "Metrics.StaticFunction\Metrics.StaticFunction.csproj", "{AA2E053C-80F4-43B5-96FD-5CA094ECC364}"
EndProject
Global
	GlobalSection(SolutionConfigurationPlatforms) = preSolution
		Debug|Any CPU = Debug|Any CPU
		Release|Any CPU = Release|Any CPU
	EndGlobalSection
	GlobalSection(ProjectConfigurationPlatforms) = postSolution
		{13251EAB-8E52-4A1B-8715-0351E444225D}.Debug|Any CPU.ActiveCfg = Debug|Any CPU
		{13251EAB-8E52-4A1B-8715-0351E444225D}.Debug|Any CPU.Build.0 = Debug|Any CPU
		{13251EAB-8E52-4A1B-8715-0351E444225D}.Release|Any CPU.ActiveCfg = Release|Any CPU
		{13251EAB-8E52-4A1B-8715-0351E444225D}.Release|Any CPU.Build.0 = Release|Any CPU
		{CFB4BAD6-3E0A-45AF-B0DB-32716BFC0B6D}.Debug|Any CPU.ActiveCfg = Debug|Any CPU
		{CFB4BAD6-3E0A-45AF-B0DB-32716BFC0B6D}.Debug|Any CPU.Build.0 = Debug|Any CPU
		{CFB4BAD6-3E0A-45AF-B0DB-32716BFC0B6D}.Release|Any CPU.ActiveCfg = Release|Any CPU
		{CFB4BAD6-3E0A-45AF-B0DB-32716BFC0B6D}.Release|Any CPU.Build.0 = Release|Any CPU
		{1F66F682-3C37-4D55-9A05-D0E264F178D0}.Debug|Any CPU.ActiveCfg = Debug|Any CPU
		{1F66F682-3C37-4D55-9A05-D0E264F178D0}.Debug|Any CPU.Build.0 = Debug|Any CPU
		{1F66F682-3C37-4D55-9A05-D0E264F178D0}.Release|Any CPU.ActiveCfg = Release|Any CPU
		{1F66F682-3C37-4D55-9A05-D0E264F178D0}.Release|Any CPU.Build.0 = Release|Any CPU
		{1319AFBB-3958-4A9D-B223-21198592C48C}.Debug|Any CPU.ActiveCfg = Debug|Any CPU
		{1319AFBB-3958-4A9D-B223-21198592C48C}.Debug|Any CPU.Build.0 = Debug|Any CPU
		{1319AFBB-3958-4A9D-B223-21198592C48C}.Release|Any CPU.ActiveCfg = Release|Any CPU
		{1319AFBB-3958-4A9D-B223-21198592C48C}.Release|Any CPU.Build.0 = Release|Any CPU
		{5000D379-24E8-44E3-8F1B-552790C9EDD5}.Debug|Any CPU.ActiveCfg = Debug|Any CPU
		{5000D379-24E8-44E3-8F1B-552790C9EDD5}.Debug|Any CPU.Build.0 = Debug|Any CPU
		{5000D379-24E8-44E3-8F1B-552790C9EDD5}.Release|Any CPU.ActiveCfg = Release|Any CPU
		{5000D379-24E8-44E3-8F1B-552790C9EDD5}.Release|Any CPU.Build.0 = Release|Any CPU
		{6ADB13DE-2D5F-456B-814C-161745B22CA4}.Debug|Any CPU.ActiveCfg = Debug|Any CPU
		{6ADB13DE-2D5F-456B-814C-161745B22CA4}.Debug|Any CPU.Build.0 = Debug|Any CPU
		{6ADB13DE-2D5F-456B-814C-161745B22CA4}.Release|Any CPU.ActiveCfg = Release|Any CPU
		{6ADB13DE-2D5F-456B-814C-161745B22CA4}.Release|Any CPU.Build.0 = Release|Any CPU
		{AA2E053C-80F4-43B5-96FD-5CA094ECC364}.Debug|Any CPU.ActiveCfg = Debug|Any CPU
		{AA2E053C-80F4-43B5-96FD-5CA094ECC364}.Debug|Any CPU.Build.0 = Debug|Any CPU
		{AA2E053C-80F4-43B5-96FD-5CA094ECC364}.Release|Any CPU.ActiveCfg = Release|Any CPU
		{AA2E053C-80F4-43B5-96FD-5CA094ECC364}.Release|Any CPU.Build.0 = Release|Any CPU
	EndGlobalSection
	GlobalSection(SolutionProperties) = preSolution
		HideSolutionNode = FALSE
	EndGlobalSection
	GlobalSection(ExtensibilityGlobals) = postSolution
		SolutionGuid = {75DC4A2D-AB9C-4C27-860A-E6006CB22064}
	EndGlobalSection
EndGlobal
